// !$*UTF8*$!
{
	archiveVersion = 1;
	classes = {
	};
	objectVersion = 46;
	objects = {

/* Begin PBXBuildFile section */
		17A545DF1B0B8EAD00E510F1 /* main.m in Sources */ = {isa = PBXBuildFile; fileRef = 17A545DE1B0B8EAD00E510F1 /* main.m */; };
		17A545E21B0B8EAD00E510F1 /* AppDelegate.m in Sources */ = {isa = PBXBuildFile; fileRef = 17A545E11B0B8EAD00E510F1 /* AppDelegate.m */; };
		17A545E51B0B8EAD00E510F1 /* ViewController.m in Sources */ = {isa = PBXBuildFile; fileRef = 17A545E41B0B8EAD00E510F1 /* ViewController.m */; };
		17A545E81B0B8EAD00E510F1 /* Main.storyboard in Resources */ = {isa = PBXBuildFile; fileRef = 17A545E61B0B8EAD00E510F1 /* Main.storyboard */; };
		17A545EA1B0B8EAD00E510F1 /* Images.xcassets in Resources */ = {isa = PBXBuildFile; fileRef = 17A545E91B0B8EAD00E510F1 /* Images.xcassets */; };
		17A545ED1B0B8EAD00E510F1 /* LaunchScreen.xib in Resources */ = {isa = PBXBuildFile; fileRef = 17A545EB1B0B8EAD00E510F1 /* LaunchScreen.xib */; };
		17A545F91B0B8EAD00E510F1 /* NSAttributedStringHelperDemoTests.m in Sources */ = {isa = PBXBuildFile; fileRef = 17A545F81B0B8EAD00E510F1 /* NSAttributedStringHelperDemoTests.m */; };
		17A546051B0B8F4200E510F1 /* NSAttributedString+Helper.m in Sources */ = {isa = PBXBuildFile; fileRef = 17A546041B0B8F4200E510F1 /* NSAttributedString+Helper.m */; };
/* End PBXBuildFile section */

/* Begin PBXContainerItemProxy section */
		17A545F31B0B8EAD00E510F1 /* PBXContainerItemProxy */ = {
			isa = PBXContainerItemProxy;
			containerPortal = 17A545D11B0B8EAD00E510F1 /* Project object */;
			proxyType = 1;
			remoteGlobalIDString = 17A545D81B0B8EAD00E510F1;
			remoteInfo = NSAttributedStringHelperDemo;
		};
/* End PBXContainerItemProxy section */

/* Begin PBXFileReference section */
		17A545D91B0B8EAD00E510F1 /* NSAttributedStringHelperDemo.app */ = {isa = PBXFileReference; explicitFileType = wrapper.application; includeInIndex = 0; path = NSAttributedStringHelperDemo.app; sourceTree = BUILT_PRODUCTS_DIR; };
		17A545DD1B0B8EAD00E510F1 /* Info.plist */ = {isa = PBXFileReference; lastKnownFileType = text.plist.xml; path = Info.plist; sourceTree = "<group>"; };
		17A545DE1B0B8EAD00E510F1 /* main.m */ = {isa = PBXFileReference; lastKnownFileType = sourcecode.c.objc; path = main.m; sourceTree = "<group>"; };
		17A545E01B0B8EAD00E510F1 /* AppDelegate.h */ = {isa = PBXFileReference; lastKnownFileType = sourcecode.c.h; path = AppDelegate.h; sourceTree = "<group>"; };
		17A545E11B0B8EAD00E510F1 /* AppDelegate.m */ = {isa = PBXFileReference; lastKnownFileType = sourcecode.c.objc; path = AppDelegate.m; sourceTree = "<group>"; };
		17A545E31B0B8EAD00E510F1 /* ViewController.h */ = {isa = PBXFileReference; lastKnownFileType = sourcecode.c.h; path = ViewController.h; sourceTree = "<group>"; };
		17A545E41B0B8EAD00E510F1 /* ViewController.m */ = {isa = PBXFileReference; lastKnownFileType = sourcecode.c.objc; path = ViewController.m; sourceTree = "<group>"; };
		17A545E71B0B8EAD00E510F1 /* Base */ = {isa = PBXFileReference; lastKnownFileType = file.storyboard; name = Base; path = Base.lproj/Main.storyboard; sourceTree = "<group>"; };
		17A545E91B0B8EAD00E510F1 /* Images.xcassets */ = {isa = PBXFileReference; lastKnownFileType = folder.assetcatalog; path = Images.xcassets; sourceTree = "<group>"; };
		17A545EC1B0B8EAD00E510F1 /* Base */ = {isa = PBXFileReference; lastKnownFileType = file.xib; name = Base; path = Base.lproj/LaunchScreen.xib; sourceTree = "<group>"; };
		17A545F21B0B8EAD00E510F1 /* NSAttributedStringHelperDemoTests.xctest */ = {isa = PBXFileReference; explicitFileType = wrapper.cfbundle; includeInIndex = 0; path = NSAttributedStringHelperDemoTests.xctest; sourceTree = BUILT_PRODUCTS_DIR; };
		17A545F71B0B8EAD00E510F1 /* Info.plist */ = {isa = PBXFileReference; lastKnownFileType = text.plist.xml; path = Info.plist; sourceTree = "<group>"; };
		17A545F81B0B8EAD00E510F1 /* NSAttributedStringHelperDemoTests.m */ = {isa = PBXFileReference; lastKnownFileType = sourcecode.c.objc; path = NSAttributedStringHelperDemoTests.m; sourceTree = "<group>"; };
		17A546031B0B8F4200E510F1 /* NSAttributedString+Helper.h */ = {isa = PBXFileReference; fileEncoding = 4; lastKnownFileType = sourcecode.c.h; path = "NSAttributedString+Helper.h"; sourceTree = "<group>"; };
		17A546041B0B8F4200E510F1 /* NSAttributedString+Helper.m */ = {isa = PBXFileReference; fileEncoding = 4; lastKnownFileType = sourcecode.c.objc; path = "NSAttributedString+Helper.m"; sourceTree = "<group>"; };
		17A5460C1B0B8FDC00E510F1 /* NSAttributedStringHelper.h */ = {isa = PBXFileReference; fileEncoding = 4; lastKnownFileType = sourcecode.c.h; path = NSAttributedStringHelper.h; sourceTree = "<group>"; };
/* End PBXFileReference section */

/* Begin PBXFrameworksBuildPhase section */
		17A545D61B0B8EAD00E510F1 /* Frameworks */ = {
			isa = PBXFrameworksBuildPhase;
			buildActionMask = 2147483647;
			files = (
			);
			runOnlyForDeploymentPostprocessing = 0;
		};
		17A545EF1B0B8EAD00E510F1 /* Frameworks */ = {
			isa = PBXFrameworksBuildPhase;
			buildActionMask = 2147483647;
			files = (
			);
			runOnlyForDeploymentPostprocessing = 0;
		};
/* End PBXFrameworksBuildPhase section */

/* Begin PBXGroup section */
		17A545D01B0B8EAD00E510F1 = {
			isa = PBXGroup;
			children = (
				17A546021B0B8EBB00E510F1 /* NSAttributedStringHelper */,
				17A545DB1B0B8EAD00E510F1 /* NSAttributedStringHelperDemo */,
				17A545F51B0B8EAD00E510F1 /* NSAttributedStringHelperDemoTests */,
				17A545DA1B0B8EAD00E510F1 /* Products */,
			);
			sourceTree = "<group>";
		};
		17A545DA1B0B8EAD00E510F1 /* Products */ = {
			isa = PBXGroup;
			children = (
				17A545D91B0B8EAD00E510F1 /* NSAttributedStringHelperDemo.app */,
				17A545F21B0B8EAD00E510F1 /* NSAttributedStringHelperDemoTests.xctest */,
			);
			name = Products;
			sourceTree = "<group>";
		};
		17A545DB1B0B8EAD00E510F1 /* NSAttributedStringHelperDemo */ = {
			isa = PBXGroup;
			children = (
				17A545E01B0B8EAD00E510F1 /* AppDelegate.h */,
				17A545E11B0B8EAD00E510F1 /* AppDelegate.m */,
				17A545E31B0B8EAD00E510F1 /* ViewController.h */,
				17A545E41B0B8EAD00E510F1 /* ViewController.m */,
				17A545E61B0B8EAD00E510F1 /* Main.storyboard */,
				17A545E91B0B8EAD00E510F1 /* Images.xcassets */,
				17A545EB1B0B8EAD00E510F1 /* LaunchScreen.xib */,
				17A545DC1B0B8EAD00E510F1 /* Supporting Files */,
			);
			path = NSAttributedStringHelperDemo;
			sourceTree = "<group>";
		};
		17A545DC1B0B8EAD00E510F1 /* Supporting Files */ = {
			isa = PBXGroup;
			children = (
				17A545DD1B0B8EAD00E510F1 /* Info.plist */,
				17A545DE1B0B8EAD00E510F1 /* main.m */,
			);
			name = "Supporting Files";
			sourceTree = "<group>";
		};
		17A545F51B0B8EAD00E510F1 /* NSAttributedStringHelperDemoTests */ = {
			isa = PBXGroup;
			children = (
				17A545F81B0B8EAD00E510F1 /* NSAttributedStringHelperDemoTests.m */,
				17A545F61B0B8EAD00E510F1 /* Supporting Files */,
			);
			path = NSAttributedStringHelperDemoTests;
			sourceTree = "<group>";
		};
		17A545F61B0B8EAD00E510F1 /* Supporting Files */ = {
			isa = PBXGroup;
			children = (
				17A545F71B0B8EAD00E510F1 /* Info.plist */,
			);
			name = "Supporting Files";
			sourceTree = "<group>";
		};
		17A546021B0B8EBB00E510F1 /* NSAttributedStringHelper */ = {
			isa = PBXGroup;
			children = (
				17A546031B0B8F4200E510F1 /* NSAttributedString+Helper.h */,
				17A546041B0B8F4200E510F1 /* NSAttributedString+Helper.m */,
				17A5460C1B0B8FDC00E510F1 /* NSAttributedStringHelper.h */,
			);
			name = NSAttributedStringHelper;
			path = ../NSAttributedStringHelper;
			sourceTree = "<group>";
		};
/* End PBXGroup section */

/* Begin PBXNativeTarget section */
		17A545D81B0B8EAD00E510F1 /* NSAttributedStringHelperDemo */ = {
			isa = PBXNativeTarget;
			buildConfigurationList = 17A545FC1B0B8EAD00E510F1 /* Build configuration list for PBXNativeTarget "NSAttributedStringHelperDemo" */;
			buildPhases = (
				17A545D51B0B8EAD00E510F1 /* Sources */,
				17A545D61B0B8EAD00E510F1 /* Frameworks */,
				17A545D71B0B8EAD00E510F1 /* Resources */,
			);
			buildRules = (
			);
			dependencies = (
			);
			name = NSAttributedStringHelperDemo;
			productName = NSAttributedStringHelperDemo;
			productReference = 17A545D91B0B8EAD00E510F1 /* NSAttributedStringHelperDemo.app */;
			productType = "com.apple.product-type.application";
		};
		17A545F11B0B8EAD00E510F1 /* NSAttributedStringHelperDemoTests */ = {
			isa = PBXNativeTarget;
			buildConfigurationList = 17A545FF1B0B8EAD00E510F1 /* Build configuration list for PBXNativeTarget "NSAttributedStringHelperDemoTests" */;
			buildPhases = (
				17A545EE1B0B8EAD00E510F1 /* Sources */,
				17A545EF1B0B8EAD00E510F1 /* Frameworks */,
				17A545F01B0B8EAD00E510F1 /* Resources */,
			);
			buildRules = (
			);
			dependencies = (
				17A545F41B0B8EAD00E510F1 /* PBXTargetDependency */,
			);
			name = NSAttributedStringHelperDemoTests;
			productName = NSAttributedStringHelperDemoTests;
			productReference = 17A545F21B0B8EAD00E510F1 /* NSAttributedStringHelperDemoTests.xctest */;
			productType = "com.apple.product-type.bundle.unit-test";
		};
/* End PBXNativeTarget section */

/* Begin PBXProject section */
		17A545D11B0B8EAD00E510F1 /* Project object */ = {
			isa = PBXProject;
			attributes = {
				LastUpgradeCheck = 0630;
				ORGANIZATIONNAME = "Codepool GmbH";
				TargetAttributes = {
					17A545D81B0B8EAD00E510F1 = {
						CreatedOnToolsVersion = 6.3.2;
					};
					17A545F11B0B8EAD00E510F1 = {
						CreatedOnToolsVersion = 6.3.2;
						TestTargetID = 17A545D81B0B8EAD00E510F1;
					};
				};
			};
			buildConfigurationList = 17A545D41B0B8EAD00E510F1 /* Build configuration list for PBXProject "NSAttributedStringHelperDemo" */;
			compatibilityVersion = "Xcode 3.2";
			developmentRegion = English;
			hasScannedForEncodings = 0;
			knownRegions = (
				en,
				Base,
			);
			mainGroup = 17A545D01B0B8EAD00E510F1;
			productRefGroup = 17A545DA1B0B8EAD00E510F1 /* Products */;
			projectDirPath = "";
			projectRoot = "";
			targets = (
				17A545D81B0B8EAD00E510F1 /* NSAttributedStringHelperDemo */,
				17A545F11B0B8EAD00E510F1 /* NSAttributedStringHelperDemoTests */,
			);
		};
/* End PBXProject section */

/* Begin PBXResourcesBuildPhase section */
		17A545D71B0B8EAD00E510F1 /* Resources */ = {
			isa = PBXResourcesBuildPhase;
			buildActionMask = 2147483647;
			files = (
				17A545E81B0B8EAD00E510F1 /* Main.storyboard in Resources */,
				17A545ED1B0B8EAD00E510F1 /* LaunchScreen.xib in Resources */,
				17A545EA1B0B8EAD00E510F1 /* Images.xcassets in Resources */,
			);
			runOnlyForDeploymentPostprocessing = 0;
		};
		17A545F01B0B8EAD00E510F1 /* Resources */ = {
			isa = PBXResourcesBuildPhase;
			buildActionMask = 2147483647;
			files = (
			);
			runOnlyForDeploymentPostprocessing = 0;
		};
/* End PBXResourcesBuildPhase section */

/* Begin PBXSourcesBuildPhase section */
		17A545D51B0B8EAD00E510F1 /* Sources */ = {
			isa = PBXSourcesBuildPhase;
			buildActionMask = 2147483647;
			files = (
				17A545E51B0B8EAD00E510F1 /* ViewController.m in Sources */,
				17A546051B0B8F4200E510F1 /* NSAttributedString+Helper.m in Sources */,
				17A545E21B0B8EAD00E510F1 /* AppDelegate.m in Sources */,
				17A545DF1B0B8EAD00E510F1 /* main.m in Sources */,
			);
			runOnlyForDeploymentPostprocessing = 0;
		};
		17A545EE1B0B8EAD00E510F1 /* Sources */ = {
			isa = PBXSourcesBuildPhase;
			buildActionMask = 2147483647;
			files = (
				17A545F91B0B8EAD00E510F1 /* NSAttributedStringHelperDemoTests.m in Sources */,
			);
			runOnlyForDeploymentPostprocessing = 0;
		};
/* End PBXSourcesBuildPhase section */

/* Begin PBXTargetDependency section */
		17A545F41B0B8EAD00E510F1 /* PBXTargetDependency */ = {
			isa = PBXTargetDependency;
			target = 17A545D81B0B8EAD00E510F1 /* NSAttributedStringHelperDemo */;
			targetProxy = 17A545F31B0B8EAD00E510F1 /* PBXContainerItemProxy */;
		};
/* End PBXTargetDependency section */

/* Begin PBXVariantGroup section */
		17A545E61B0B8EAD00E510F1 /* Main.storyboard */ = {
			isa = PBXVariantGroup;
			children = (
				17A545E71B0B8EAD00E510F1 /* Base */,
			);
			name = Main.storyboard;
			sourceTree = "<group>";
		};
		17A545EB1B0B8EAD00E510F1 /* LaunchScreen.xib */ = {
			isa = PBXVariantGroup;
			children = (
				17A545EC1B0B8EAD00E510F1 /* Base */,
			);
			name = LaunchScreen.xib;
			sourceTree = "<group>";
		};
/* End PBXVariantGroup section */

/* Begin XCBuildConfiguration section */
		17A545FA1B0B8EAD00E510F1 /* Debug */ = {
			isa = XCBuildConfiguration;
			buildSettings = {
				ALWAYS_SEARCH_USER_PATHS = NO;
				CLANG_CXX_LANGUAGE_STANDARD = "gnu++0x";
				CLANG_CXX_LIBRARY = "libc++";
				CLANG_ENABLE_MODULES = YES;
				CLANG_ENABLE_OBJC_ARC = YES;
				CLANG_WARN_BOOL_CONVERSION = YES;
				CLANG_WARN_CONSTANT_CONVERSION = YES;
				CLANG_WARN_DIRECT_OBJC_ISA_USAGE = YES_ERROR;
				CLANG_WARN_EMPTY_BODY = YES;
				CLANG_WARN_ENUM_CONVERSION = YES;
				CLANG_WARN_INT_CONVERSION = YES;
				CLANG_WARN_OBJC_ROOT_CLASS = YES_ERROR;
				CLANG_WARN_UNREACHABLE_CODE = YES;
				CLANG_WARN__DUPLICATE_METHOD_MATCH = YES;
				"CODE_SIGN_IDENTITY[sdk=iphoneos*]" = "iPhone Developer";
				COPY_PHASE_STRIP = NO;
				DEBUG_INFORMATION_FORMAT = "dwarf-with-dsym";
				ENABLE_STRICT_OBJC_MSGSEND = YES;
				GCC_C_LANGUAGE_STANDARD = gnu99;
				GCC_DYNAMIC_NO_PIC = NO;
				GCC_NO_COMMON_BLOCKS = YES;
				GCC_OPTIMIZATION_LEVEL = 0;
				GCC_PREPROCESSOR_DEFINITIONS = (
					"DEBUG=1",
					"$(inherited)",
				);
				GCC_SYMBOLS_PRIVATE_EXTERN = NO;
				GCC_WARN_64_TO_32_BIT_CONVERSION = YES;
				GCC_WARN_ABOUT_RETURN_TYPE = YES_ERROR;
				GCC_WARN_UNDECLARED_SELECTOR = YES;
				GCC_WARN_UNINITIALIZED_AUTOS = YES_AGGRESSIVE;
				GCC_WARN_UNUSED_FUNCTION = YES;
				GCC_WARN_UNUSED_VARIABLE = YES;
				IPHONEOS_DEPLOYMENT_TARGET = 8.3;
				MTL_ENABLE_DEBUG_INFO = YES;
				ONLY_ACTIVE_ARCH = YES;
				SDKROOT = iphoneos;
			};
			name = Debug;
		};
		17A545FB1B0B8EAD00E510F1 /* Release */ = {
			isa = XCBuildConfiguration;
			buildSettings = {
				ALWAYS_SEARCH_USER_PATHS = NO;
				CLANG_CXX_LANGUAGE_STANDARD = "gnu++0x";
				CLANG_CXX_LIBRARY = "libc++";
				CLANG_ENABLE_MODULES = YES;
				CLANG_ENABLE_OBJC_ARC = YES;
				CLANG_WARN_BOOL_CONVERSION = YES;
				CLANG_WARN_CONSTANT_CONVERSION = YES;
				CLANG_WARN_DIRECT_OBJC_ISA_USAGE = YES_ERROR;
				CLANG_WARN_EMPTY_BODY = YES;
				CLANG_WARN_ENUM_CONVERSION = YES;
				CLANG_WARN_INT_CONVERSION = YES;
				CLANG_WARN_OBJC_ROOT_CLASS = YES_ERROR;
				CLANG_WARN_UNREACHABLE_CODE = YES;
				CLANG_WARN__DUPLICATE_METHOD_MATCH = YES;
				"CODE_SIGN_IDENTITY[sdk=iphoneos*]" = "iPhone Developer";
				COPY_PHASE_STRIP = NO;
				DEBUG_INFORMATION_FORMAT = "dwarf-with-dsym";
				ENABLE_NS_ASSERTIONS = NO;
				ENABLE_STRICT_OBJC_MSGSEND = YES;
				GCC_C_LANGUAGE_STANDARD = gnu99;
				GCC_NO_COMMON_BLOCKS = YES;
				GCC_WARN_64_TO_32_BIT_CONVERSION = YES;
				GCC_WARN_ABOUT_RETURN_TYPE = YES_ERROR;
				GCC_WARN_UNDECLARED_SELECTOR = YES;
				GCC_WARN_UNINITIALIZED_AUTOS = YES_AGGRESSIVE;
				GCC_WARN_UNUSED_FUNCTION = YES;
				GCC_WARN_UNUSED_VARIABLE = YES;
				IPHONEOS_DEPLOYMENT_TARGET = 8.3;
				MTL_ENABLE_DEBUG_INFO = NO;
				SDKROOT = iphoneos;
				VALIDATE_PRODUCT = YES;
			};
			name = Release;
		};
		17A545FD1B0B8EAD00E510F1 /* Debug */ = {
			isa = XCBuildConfiguration;
			buildSettings = {
				ASSETCATALOG_COMPILER_APPICON_NAME = AppIcon;
				INFOPLIST_FILE = NSAttributedStringHelperDemo/Info.plist;
				LD_RUNPATH_SEARCH_PATHS = "$(inherited) @executable_path/Frameworks";
				PRODUCT_NAME = "$(TARGET_NAME)";
			};
			name = Debug;
		};
		17A545FE1B0B8EAD00E510F1 /* Release */ = {
			isa = XCBuildConfiguration;
			buildSettings = {
				ASSETCATALOG_COMPILER_APPICON_NAME = AppIcon;
				INFOPLIST_FILE = NSAttributedStringHelperDemo/Info.plist;
				LD_RUNPATH_SEARCH_PATHS = "$(inherited) @executable_path/Frameworks";
				PRODUCT_NAME = "$(TARGET_NAME)";
			};
			name = Release;
		};
		17A546001B0B8EAD00E510F1 /* Debug */ = {
			isa = XCBuildConfiguration;
			buildSettings = {
				BUNDLE_LOADER = "$(TEST_HOST)";
				FRAMEWORK_SEARCH_PATHS = (
					"$(SDKROOT)/Developer/Library/Frameworks",
					"$(inherited)",
				);
				GCC_PREPROCESSOR_DEFINITIONS = (
					"DEBUG=1",
					"$(inherited)",
				);
				INFOPLIST_FILE = NSAttributedStringHelperDemoTests/Info.plist;
				LD_RUNPATH_SEARCH_PATHS = "$(inherited) @executable_path/Frameworks @loader_path/Frameworks";
				PRODUCT_NAME = "$(TARGET_NAME)";
				TEST_HOST = "$(BUILT_PRODUCTS_DIR)/NSAttributedStringHelperDemo.app/NSAttributedStringHelperDemo";
			};
			name = Debug;
		};
		17A546011B0B8EAD00E510F1 /* Release */ = {
			isa = XCBuildConfiguration;
			buildSettings = {
				BUNDLE_LOADER = "$(TEST_HOST)";
				FRAMEWORK_SEARCH_PATHS = (
					"$(SDKROOT)/Developer/Library/Frameworks",
					"$(inherited)",
				);
				INFOPLIST_FILE = NSAttributedStringHelperDemoTests/Info.plist;
				LD_RUNPATH_SEARCH_PATHS = "$(inherited) @executable_path/Frameworks @loader_path/Frameworks";
				PRODUCT_NAME = "$(TARGET_NAME)";
				TEST_HOST = "$(BUILT_PRODUCTS_DIR)/NSAttributedStringHelperDemo.app/NSAttributedStringHelperDemo";
			};
			name = Release;
		};
/* End XCBuildConfiguration section */

/* Begin XCConfigurationList section */
		17A545D41B0B8EAD00E510F1 /* Build configuration list for PBXProject "NSAttributedStringHelperDemo" */ = {
			isa = XCConfigurationList;
			buildConfigurations = (
				17A545FA1B0B8EAD00E510F1 /* Debug */,
				17A545FB1B0B8EAD00E510F1 /* Release */,
			);
			defaultConfigurationIsVisible = 0;
			defaultConfigurationName = Release;
		};
		17A545FC1B0B8EAD00E510F1 /* Build configuration list for PBXNativeTarget "NSAttributedStringHelperDemo" */ = {
			isa = XCConfigurationList;
			buildConfigurations = (
				17A545FD1B0B8EAD00E510F1 /* Debug */,
				17A545FE1B0B8EAD00E510F1 /* Release */,
			);
			defaultConfigurationIsVisible = 0;
		};
		17A545FF1B0B8EAD00E510F1 /* Build configuration list for PBXNativeTarget "NSAttributedStringHelperDemoTests" */ = {
			isa = XCConfigurationList;
			buildConfigurations = (
				17A546001B0B8EAD00E510F1 /* Debug */,
				17A546011B0B8EAD00E510F1 /* Release */,
			);
			defaultConfigurationIsVisible = 0;
		};
/* End XCConfigurationList section */
	};
	rootObject = 17A545D11B0B8EAD00E510F1 /* Project object */;
}
